
Microsoft Visual Studio Solution File, Format Version 11.00
# Visual Studio 2010
Project("{FAE04EC0-301F-11D3-BF4B-00C04F79EFBC}") = "Sledding", "Assembly-CSharp.csproj", "{FB8E565D-8449-4106-F08D-188E5C0BCB48}"
EndProject
Project("{FAE04EC0-301F-11D3-BF4B-00C04F79EFBC}") = "Sledding", "Assembly-CSharp-firstpass.csproj", "{06EB3C34-47AB-03B2-B237-CD9C9D67EBE3}"
EndProject
Project("{FAE04EC0-301F-11D3-BF4B-00C04F79EFBC}") = "Sledding", "Assembly-CSharp-Editor-firstpass.csproj", "{822DD9DE-2598-CBA4-714F-BB6AC59B9934}"
EndProject
Global
	GlobalSection(SolutionConfigurationPlatforms) = preSolution
		Debug|Any CPU = Debug|Any CPU
		Release|Any CPU = Release|Any CPU
	EndGlobalSection
	GlobalSection(ProjectConfigurationPlatforms) = postSolution
		{FB8E565D-8449-4106-F08D-188E5C0BCB48}.Debug|Any CPU.ActiveCfg = Debug|Any CPU
		{FB8E565D-8449-4106-F08D-188E5C0BCB48}.Debug|Any CPU.Build.0 = Debug|Any CPU
		{FB8E565D-8449-4106-F08D-188E5C0BCB48}.Release|Any CPU.ActiveCfg = Release|Any CPU
		{FB8E565D-8449-4106-F08D-188E5C0BCB48}.Release|Any CPU.Build.0 = Release|Any CPU
		{06EB3C34-47AB-03B2-B237-CD9C9D67EBE3}.Debug|Any CPU.ActiveCfg = Debug|Any CPU
		{06EB3C34-47AB-03B2-B237-CD9C9D67EBE3}.Debug|Any CPU.Build.0 = Debug|Any CPU
		{06EB3C34-47AB-03B2-B237-CD9C9D67EBE3}.Release|Any CPU.ActiveCfg = Release|Any CPU
		{06EB3C34-47AB-03B2-B237-CD9C9D67EBE3}.Release|Any CPU.Build.0 = Release|Any CPU
		{822DD9DE-2598-CBA4-714F-BB6AC59B9934}.Debug|Any CPU.ActiveCfg = Debug|Any CPU
		{822DD9DE-2598-CBA4-714F-BB6AC59B9934}.Debug|Any CPU.Build.0 = Debug|Any CPU
		{822DD9DE-2598-CBA4-714F-BB6AC59B9934}.Release|Any CPU.ActiveCfg = Release|Any CPU
		{822DD9DE-2598-CBA4-714F-BB6AC59B9934}.Release|Any CPU.Build.0 = Release|Any CPU
	EndGlobalSection
	GlobalSection(SolutionProperties) = preSolution
		HideSolutionNode = FALSE
	EndGlobalSection
	GlobalSection(MonoDevelopProperties) = preSolution
		StartupItem = Assembly-CSharp.csproj
	EndGlobalSection
EndGlobal
